
Microsoft Visual Studio Solution File, Format Version 12.00
# Visual Studio 15
VisualStudioVersion = 15.0.28307.421
MinimumVisualStudioVersion = 10.0.40219.1
Project("{8BC9CEB8-8B4A-11D0-8D11-00A0C91BC942}") = "NN", "NN\NN.vcxproj", "{6F91CAD2-8E88-4F26-A179-C9C272033531}"
EndProject
Global
	GlobalSection(SolutionConfigurationPlatforms) = preSolution
		Debug|x64 = Debug|x64
		Debug|x86 = Debug|x86
		Release|x64 = Release|x64
		Release|x86 = Release|x86
	EndGlobalSection
	GlobalSection(ProjectConfigurationPlatforms) = postSolution
		{6F91CAD2-8E88-4F26-A179-C9C272033531}.Debug|x64.ActiveCfg = Debug|x64
		{6F91CAD2-8E88-4F26-A179-C9C272033531}.Debug|x64.Build.0 = Debug|x64
		{6F91CAD2-8E88-4F26-A179-C9C272033531}.Debug|x86.ActiveCfg = Debug|Win32
		{6F91CAD2-8E88-4F26-A179-C9C272033531}.Debug|x86.Build.0 = Debug|Win32
		{6F91CAD2-8E88-4F26-A179-C9C272033531}.Release|x64.ActiveCfg = Release|x64
		{6F91CAD2-8E88-4F26-A179-C9C272033531}.Release|x64.Build.0 = Release|x64
		{6F91CAD2-8E88-4F26-A179-C9C272033531}.Release|x86.ActiveCfg = Release|Win32
		{6F91CAD2-8E88-4F26-A179-C9C272033531}.Release|x86.Build.0 = Release|Win32
	EndGlobalSection
	GlobalSection(SolutionProperties) = preSolution
		HideSolutionNode = FALSE
	EndGlobalSection
	GlobalSection(ExtensibilityGlobals) = postSolution
		SolutionGuid = {6B948803-6E16-4593-AA41-D0316F6F9522}
	EndGlobalSection
EndGlobal
